
Microsoft Visual Studio Solution File, Format Version 12.00
# Visual Studio Version 17
VisualStudioVersion = 17.13.35818.85
MinimumVisualStudioVersion = 10.0.40219.1
Project("{FAE04EC0-301F-11D3-BF4B-00C04F79EFBC}") = "Chord Finder", "Chord Finder.csproj", "{C1EC78FC-05F3-4109-AF9D-C5CC89330870}"
EndProject
Project("{FAE04EC0-301F-11D3-BF4B-00C04F79EFBC}") = "Chord Finder_Core", "..\Chord Finder_Core\Chord Finder_Core.csproj", "{339A32FB-F1E3-4568-9CB6-11B193CE3F9A}"
EndProject
Global
	GlobalSection(SolutionConfigurationPlatforms) = preSolution
		Debug|Any CPU = Debug|Any CPU
		Release|Any CPU = Release|Any CPU
	EndGlobalSection
	GlobalSection(ProjectConfigurationPlatforms) = postSolution
		{C1EC78FC-05F3-4109-AF9D-C5CC89330870}.Debug|Any CPU.ActiveCfg = Debug|Any CPU
		{C1EC78FC-05F3-4109-AF9D-C5CC89330870}.Debug|Any CPU.Build.0 = Debug|Any CPU
		{C1EC78FC-05F3-4109-AF9D-C5CC89330870}.Debug|Any CPU.Deploy.0 = Debug|Any CPU
		{C1EC78FC-05F3-4109-AF9D-C5CC89330870}.Release|Any CPU.ActiveCfg = Release|Any CPU
		{C1EC78FC-05F3-4109-AF9D-C5CC89330870}.Release|Any CPU.Build.0 = Release|Any CPU
		{C1EC78FC-05F3-4109-AF9D-C5CC89330870}.Release|Any CPU.Deploy.0 = Release|Any CPU
		{339A32FB-F1E3-4568-9CB6-11B193CE3F9A}.Debug|Any CPU.ActiveCfg = Debug|Any CPU
		{339A32FB-F1E3-4568-9CB6-11B193CE3F9A}.Debug|Any CPU.Build.0 = Debug|Any CPU
		{339A32FB-F1E3-4568-9CB6-11B193CE3F9A}.Release|Any CPU.ActiveCfg = Release|Any CPU
		{339A32FB-F1E3-4568-9CB6-11B193CE3F9A}.Release|Any CPU.Build.0 = Release|Any CPU
	EndGlobalSection
	GlobalSection(SolutionProperties) = preSolution
		HideSolutionNode = FALSE
	EndGlobalSection
	GlobalSection(ExtensibilityGlobals) = postSolution
		SolutionGuid = {6621BE34-73EF-4925-8D30-E19BF5E63D30}
	EndGlobalSection
EndGlobal
